dependencies:
  espressif/esp_modem:
    dependencies:
    - name: idf
      version: '>=4.1'
    source:
      path: C:\Users\vdis0\esp\v5.4\esp-idf\components\esp-protocols\components\esp_modem
      type: local
    version: 1.3.0
  idf:
    source:
      type: idf
    version: 5.4.0
direct_dependencies:
- espressif/esp_modem
- idf
manifest_hash: ea32be21f0e1a3d81e3f6129b796ff2787dc8561b1f05a292958f29aebc20cdb
target: esp32
version: 2.0.0